// !$*UTF8*$!
{
	archiveVersion = 1;
	classes = {
	};
	objectVersion = 46;
	objects = {

/* Begin PBXBuildFile section */
		23224FE3751776BA77B170AE /* libPods-LDHCalenderViewDemoTests.a in Frameworks */ = {isa = PBXBuildFile; fileRef = 93782C5824C3E49F518B5E9B /* libPods-LDHCalenderViewDemoTests.a */; };
		3E0195A61AF70BCA007E7536 /* main.m in Sources */ = {isa = PBXBuildFile; fileRef = 3E0195A51AF70BCA007E7536 /* main.m */; };
		3E0195A91AF70BCA007E7536 /* AppDelegate.m in Sources */ = {isa = PBXBuildFile; fileRef = 3E0195A81AF70BCA007E7536 /* AppDelegate.m */; };
		3E0195AC1AF70BCA007E7536 /* ViewController.m in Sources */ = {isa = PBXBuildFile; fileRef = 3E0195AB1AF70BCA007E7536 /* ViewController.m */; };
		3E0195AF1AF70BCB007E7536 /* Main.storyboard in Resources */ = {isa = PBXBuildFile; fileRef = 3E0195AD1AF70BCB007E7536 /* Main.storyboard */; };
		3E0195B11AF70BCB007E7536 /* Images.xcassets in Resources */ = {isa = PBXBuildFile; fileRef = 3E0195B01AF70BCB007E7536 /* Images.xcassets */; };
		3E0195B41AF70BCB007E7536 /* LaunchScreen.xib in Resources */ = {isa = PBXBuildFile; fileRef = 3E0195B21AF70BCB007E7536 /* LaunchScreen.xib */; };
		3E0195D01AF711F5007E7536 /* LDHDayItemSpec.m in Sources */ = {isa = PBXBuildFile; fileRef = 3E0195CF1AF711F5007E7536 /* LDHDayItemSpec.m */; };
		3E0195D51AF74E23007E7536 /* LDHWeekItemSpec.m in Sources */ = {isa = PBXBuildFile; fileRef = 3E0195D41AF74E23007E7536 /* LDHWeekItemSpec.m */; };
		3E0195E61AF773A6007E7536 /* LDHMonthView.m in Sources */ = {isa = PBXBuildFile; fileRef = 3E0195E51AF773A6007E7536 /* LDHMonthView.m */; };
		3E0195F51AF77758007E7536 /* LDHDayItem.m in Sources */ = {isa = PBXBuildFile; fileRef = 3E0195EC1AF77758007E7536 /* LDHDayItem.m */; };
		3E0195F61AF77758007E7536 /* LDHMonthItem.m in Sources */ = {isa = PBXBuildFile; fileRef = 3E0195EE1AF77758007E7536 /* LDHMonthItem.m */; };
		3E0195F71AF77758007E7536 /* LDHWeekItem.m in Sources */ = {isa = PBXBuildFile; fileRef = 3E0195F01AF77758007E7536 /* LDHWeekItem.m */; };
		3E0195F81AF77758007E7536 /* LDHWeekView.m in Sources */ = {isa = PBXBuildFile; fileRef = 3E0195F21AF77758007E7536 /* LDHWeekView.m */; };
		3E0195F91AF77758007E7536 /* NSCalendar+LDHDateTransform.m in Sources */ = {isa = PBXBuildFile; fileRef = 3E0195F41AF77758007E7536 /* NSCalendar+LDHDateTransform.m */; };
		3E0773721B00AB2300012FBF /* NSCalendar+ChineseCalendar.m in Sources */ = {isa = PBXBuildFile; fileRef = 3E0773711B00AB2300012FBF /* NSCalendar+ChineseCalendar.m */; };
		3EE9454E1AF85DDD0014BF2C /* LDHCalendarView.m in Sources */ = {isa = PBXBuildFile; fileRef = 3EE9454D1AF85DDD0014BF2C /* LDHCalendarView.m */; };
/* End PBXBuildFile section */

/* Begin PBXContainerItemProxy section */
		3E0195BA1AF70BCB007E7536 /* PBXContainerItemProxy */ = {
			isa = PBXContainerItemProxy;
			containerPortal = 3E0195981AF70BCA007E7536 /* Project object */;
			proxyType = 1;
			remoteGlobalIDString = 3E01959F1AF70BCA007E7536;
			remoteInfo = LDHCalenderViewDemo;
		};
/* End PBXContainerItemProxy section */

/* Begin PBXFileReference section */
		3E0195A01AF70BCA007E7536 /* LDHCalenderViewDemo.app */ = {isa = PBXFileReference; explicitFileType = wrapper.application; includeInIndex = 0; path = LDHCalenderViewDemo.app; sourceTree = BUILT_PRODUCTS_DIR; };
		3E0195A41AF70BCA007E7536 /* Info.plist */ = {isa = PBXFileReference; lastKnownFileType = text.plist.xml; path = Info.plist; sourceTree = "<group>"; };
		3E0195A51AF70BCA007E7536 /* main.m */ = {isa = PBXFileReference; lastKnownFileType = sourcecode.c.objc; path = main.m; sourceTree = "<group>"; };
		3E0195A71AF70BCA007E7536 /* AppDelegate.h */ = {isa = PBXFileReference; lastKnownFileType = sourcecode.c.h; path = AppDelegate.h; sourceTree = "<group>"; };
		3E0195A81AF70BCA007E7536 /* AppDelegate.m */ = {isa = PBXFileReference; lastKnownFileType = sourcecode.c.objc; path = AppDelegate.m; sourceTree = "<group>"; };
		3E0195AA1AF70BCA007E7536 /* ViewController.h */ = {isa = PBXFileReference; lastKnownFileType = sourcecode.c.h; path = ViewController.h; sourceTree = "<group>"; };
		3E0195AB1AF70BCA007E7536 /* ViewController.m */ = {isa = PBXFileReference; lastKnownFileType = sourcecode.c.objc; path = ViewController.m; sourceTree = "<group>"; };
		3E0195AE1AF70BCB007E7536 /* Base */ = {isa = PBXFileReference; lastKnownFileType = file.storyboard; name = Base; path = Base.lproj/Main.storyboard; sourceTree = "<group>"; };
		3E0195B01AF70BCB007E7536 /* Images.xcassets */ = {isa = PBXFileReference; lastKnownFileType = folder.assetcatalog; path = Images.xcassets; sourceTree = "<group>"; };
		3E0195B31AF70BCB007E7536 /* Base */ = {isa = PBXFileReference; lastKnownFileType = file.xib; name = Base; path = Base.lproj/LaunchScreen.xib; sourceTree = "<group>"; };
		3E0195B91AF70BCB007E7536 /* LDHCalenderViewDemoTests.xctest */ = {isa = PBXFileReference; explicitFileType = wrapper.cfbundle; includeInIndex = 0; path = LDHCalenderViewDemoTests.xctest; sourceTree = BUILT_PRODUCTS_DIR; };
		3E0195BE1AF70BCB007E7536 /* Info.plist */ = {isa = PBXFileReference; lastKnownFileType = text.plist.xml; path = Info.plist; sourceTree = "<group>"; };
		3E0195CF1AF711F5007E7536 /* LDHDayItemSpec.m */ = {isa = PBXFileReference; fileEncoding = 4; lastKnownFileType = sourcecode.c.objc; path = LDHDayItemSpec.m; sourceTree = "<group>"; };
		3E0195D41AF74E23007E7536 /* LDHWeekItemSpec.m */ = {isa = PBXFileReference; fileEncoding = 4; lastKnownFileType = sourcecode.c.objc; path = LDHWeekItemSpec.m; sourceTree = "<group>"; };
		3E0195E31AF766F5007E7536 /* PrefixHeader.pch */ = {isa = PBXFileReference; fileEncoding = 4; lastKnownFileType = sourcecode.c.h; path = PrefixHeader.pch; sourceTree = "<group>"; };
		3E0195E41AF773A6007E7536 /* LDHMonthView.h */ = {isa = PBXFileReference; fileEncoding = 4; lastKnownFileType = sourcecode.c.h; path = LDHMonthView.h; sourceTree = "<group>"; };
		3E0195E51AF773A6007E7536 /* LDHMonthView.m */ = {isa = PBXFileReference; fileEncoding = 4; lastKnownFileType = sourcecode.c.objc; path = LDHMonthView.m; sourceTree = "<group>"; };
		3E0195EB1AF77758007E7536 /* LDHDayItem.h */ = {isa = PBXFileReference; fileEncoding = 4; lastKnownFileType = sourcecode.c.h; path = LDHDayItem.h; sourceTree = "<group>"; };
		3E0195EC1AF77758007E7536 /* LDHDayItem.m */ = {isa = PBXFileReference; fileEncoding = 4; lastKnownFileType = sourcecode.c.objc; path = LDHDayItem.m; sourceTree = "<group>"; };
		3E0195ED1AF77758007E7536 /* LDHMonthItem.h */ = {isa = PBXFileReference; fileEncoding = 4; lastKnownFileType = sourcecode.c.h; path = LDHMonthItem.h; sourceTree = "<group>"; };
		3E0195EE1AF77758007E7536 /* LDHMonthItem.m */ = {isa = PBXFileReference; fileEncoding = 4; lastKnownFileType = sourcecode.c.objc; path = LDHMonthItem.m; sourceTree = "<group>"; };
		3E0195EF1AF77758007E7536 /* LDHWeekItem.h */ = {isa = PBXFileReference; fileEncoding = 4; lastKnownFileType = sourcecode.c.h; path = LDHWeekItem.h; sourceTree = "<group>"; };
		3E0195F01AF77758007E7536 /* LDHWeekItem.m */ = {isa = PBXFileReference; fileEncoding = 4; lastKnownFileType = sourcecode.c.objc; path = LDHWeekItem.m; sourceTree = "<group>"; };
		3E0195F11AF77758007E7536 /* LDHWeekView.h */ = {isa = PBXFileReference; fileEncoding = 4; lastKnownFileType = sourcecode.c.h; path = LDHWeekView.h; sourceTree = "<group>"; };
		3E0195F21AF77758007E7536 /* LDHWeekView.m */ = {isa = PBXFileReference; fileEncoding = 4; lastKnownFileType = sourcecode.c.objc; path = LDHWeekView.m; sourceTree = "<group>"; };
		3E0195F31AF77758007E7536 /* NSCalendar+LDHDateTransform.h */ = {isa = PBXFileReference; fileEncoding = 4; lastKnownFileType = sourcecode.c.h; path = "NSCalendar+LDHDateTransform.h"; sourceTree = "<group>"; };
		3E0195F41AF77758007E7536 /* NSCalendar+LDHDateTransform.m */ = {isa = PBXFileReference; fileEncoding = 4; lastKnownFileType = sourcecode.c.objc; path = "NSCalendar+LDHDateTransform.m"; sourceTree = "<group>"; };
		3E0773701B00AB2300012FBF /* NSCalendar+ChineseCalendar.h */ = {isa = PBXFileReference; fileEncoding = 4; lastKnownFileType = sourcecode.c.h; path = "NSCalendar+ChineseCalendar.h"; sourceTree = "<group>"; };
		3E0773711B00AB2300012FBF /* NSCalendar+ChineseCalendar.m */ = {isa = PBXFileReference; fileEncoding = 4; lastKnownFileType = sourcecode.c.objc; path = "NSCalendar+ChineseCalendar.m"; sourceTree = "<group>"; };
		3EE9454C1AF85DDD0014BF2C /* LDHCalendarView.h */ = {isa = PBXFileReference; fileEncoding = 4; lastKnownFileType = sourcecode.c.h; path = LDHCalendarView.h; sourceTree = "<group>"; };
		3EE9454D1AF85DDD0014BF2C /* LDHCalendarView.m */ = {isa = PBXFileReference; fileEncoding = 4; lastKnownFileType = sourcecode.c.objc; path = LDHCalendarView.m; sourceTree = "<group>"; };
		93782C5824C3E49F518B5E9B /* libPods-LDHCalenderViewDemoTests.a */ = {isa = PBXFileReference; explicitFileType = archive.ar; includeInIndex = 0; path = "libPods-LDHCalenderViewDemoTests.a"; sourceTree = BUILT_PRODUCTS_DIR; };
		B4C74EBB820E4443C298948A /* Pods-LDHCalenderViewDemoTests.release.xcconfig */ = {isa = PBXFileReference; includeInIndex = 1; lastKnownFileType = text.xcconfig; name = "Pods-LDHCalenderViewDemoTests.release.xcconfig"; path = "Pods/Target Support Files/Pods-LDHCalenderViewDemoTests/Pods-LDHCalenderViewDemoTests.release.xcconfig"; sourceTree = "<group>"; };
		FB8E0ED6B278DBD56B131FBF /* Pods-LDHCalenderViewDemoTests.debug.xcconfig */ = {isa = PBXFileReference; includeInIndex = 1; lastKnownFileType = text.xcconfig; name = "Pods-LDHCalenderViewDemoTests.debug.xcconfig"; path = "Pods/Target Support Files/Pods-LDHCalenderViewDemoTests/Pods-LDHCalenderViewDemoTests.debug.xcconfig"; sourceTree = "<group>"; };
/* End PBXFileReference section */

/* Begin PBXFrameworksBuildPhase section */
		3E01959D1AF70BCA007E7536 /* Frameworks */ = {
			isa = PBXFrameworksBuildPhase;
			buildActionMask = 2147483647;
			files = (
			);
			runOnlyForDeploymentPostprocessing = 0;
		};
		3E0195B61AF70BCB007E7536 /* Frameworks */ = {
			isa = PBXFrameworksBuildPhase;
			buildActionMask = 2147483647;
			files = (
				23224FE3751776BA77B170AE /* libPods-LDHCalenderViewDemoTests.a in Frameworks */,
			);
			runOnlyForDeploymentPostprocessing = 0;
		};
/* End PBXFrameworksBuildPhase section */

/* Begin PBXGroup section */
		251E0A7B2DD06DE5B8BBC1D4 /* Pods */ = {
			isa = PBXGroup;
			children = (
				FB8E0ED6B278DBD56B131FBF /* Pods-LDHCalenderViewDemoTests.debug.xcconfig */,
				B4C74EBB820E4443C298948A /* Pods-LDHCalenderViewDemoTests.release.xcconfig */,
			);
			name = Pods;
			sourceTree = "<group>";
		};
		3E0195971AF70BCA007E7536 = {
			isa = PBXGroup;
			children = (
				3E0195A21AF70BCA007E7536 /* LDHCalenderViewDemo */,
				3E0195BC1AF70BCB007E7536 /* LDHCalenderViewDemoTests */,
				3E0195A11AF70BCA007E7536 /* Products */,
				251E0A7B2DD06DE5B8BBC1D4 /* Pods */,
				3E0195C91AF70D18007E7536 /* LDHCalenderView */,
				516F51EC31387B3DA8C1EEEB /* Frameworks */,
			);
			sourceTree = "<group>";
		};
		3E0195A11AF70BCA007E7536 /* Products */ = {
			isa = PBXGroup;
			children = (
				3E0195A01AF70BCA007E7536 /* LDHCalenderViewDemo.app */,
				3E0195B91AF70BCB007E7536 /* LDHCalenderViewDemoTests.xctest */,
			);
			name = Products;
			sourceTree = "<group>";
		};
		3E0195A21AF70BCA007E7536 /* LDHCalenderViewDemo */ = {
			isa = PBXGroup;
			children = (
				3E0195A71AF70BCA007E7536 /* AppDelegate.h */,
				3E0195A81AF70BCA007E7536 /* AppDelegate.m */,
				3E0195AA1AF70BCA007E7536 /* ViewController.h */,
				3E0195AB1AF70BCA007E7536 /* ViewController.m */,
				3E0195AD1AF70BCB007E7536 /* Main.storyboard */,
				3E0195B01AF70BCB007E7536 /* Images.xcassets */,
				3E0195B21AF70BCB007E7536 /* LaunchScreen.xib */,
				3E0195A31AF70BCA007E7536 /* Supporting Files */,
			);
			path = LDHCalenderViewDemo;
			sourceTree = "<group>";
		};
		3E0195A31AF70BCA007E7536 /* Supporting Files */ = {
			isa = PBXGroup;
			children = (
				3E0195A41AF70BCA007E7536 /* Info.plist */,
				3E0195A51AF70BCA007E7536 /* main.m */,
				3E0195E31AF766F5007E7536 /* PrefixHeader.pch */,
			);
			name = "Supporting Files";
			sourceTree = "<group>";
		};
		3E0195BC1AF70BCB007E7536 /* LDHCalenderViewDemoTests */ = {
			isa = PBXGroup;
			children = (
				3E0195CF1AF711F5007E7536 /* LDHDayItemSpec.m */,
				3E0195D41AF74E23007E7536 /* LDHWeekItemSpec.m */,
				3E0195BD1AF70BCB007E7536 /* Supporting Files */,
			);
			path = LDHCalenderViewDemoTests;
			sourceTree = "<group>";
		};
		3E0195BD1AF70BCB007E7536 /* Supporting Files */ = {
			isa = PBXGroup;
			children = (
				3E0195BE1AF70BCB007E7536 /* Info.plist */,
			);
			name = "Supporting Files";
			sourceTree = "<group>";
		};
		3E0195C91AF70D18007E7536 /* LDHCalenderView */ = {
			isa = PBXGroup;
			children = (
				3E0195EB1AF77758007E7536 /* LDHDayItem.h */,
				3E0195EC1AF77758007E7536 /* LDHDayItem.m */,
				3E0195ED1AF77758007E7536 /* LDHMonthItem.h */,
				3E0195EE1AF77758007E7536 /* LDHMonthItem.m */,
				3E0195EF1AF77758007E7536 /* LDHWeekItem.h */,
				3E0195F01AF77758007E7536 /* LDHWeekItem.m */,
				3E0195F11AF77758007E7536 /* LDHWeekView.h */,
				3E0195F21AF77758007E7536 /* LDHWeekView.m */,
				3E0195F31AF77758007E7536 /* NSCalendar+LDHDateTransform.h */,
				3E0195F41AF77758007E7536 /* NSCalendar+LDHDateTransform.m */,
				3E0195E41AF773A6007E7536 /* LDHMonthView.h */,
				3E0195E51AF773A6007E7536 /* LDHMonthView.m */,
				3EE9454C1AF85DDD0014BF2C /* LDHCalendarView.h */,
				3EE9454D1AF85DDD0014BF2C /* LDHCalendarView.m */,
				3E0773701B00AB2300012FBF /* NSCalendar+ChineseCalendar.h */,
				3E0773711B00AB2300012FBF /* NSCalendar+ChineseCalendar.m */,
			);
			name = LDHCalenderView;
			sourceTree = "<group>";
		};
		516F51EC31387B3DA8C1EEEB /* Frameworks */ = {
			isa = PBXGroup;
			children = (
				93782C5824C3E49F518B5E9B /* libPods-LDHCalenderViewDemoTests.a */,
			);
			name = Frameworks;
			sourceTree = "<group>";
		};
/* End PBXGroup section */

/* Begin PBXNativeTarget section */
		3E01959F1AF70BCA007E7536 /* LDHCalenderViewDemo */ = {
			isa = PBXNativeTarget;
			buildConfigurationList = 3E0195C31AF70BCB007E7536 /* Build configuration list for PBXNativeTarget "LDHCalenderViewDemo" */;
			buildPhases = (
				3E01959C1AF70BCA007E7536 /* Sources */,
				3E01959D1AF70BCA007E7536 /* Frameworks */,
				3E01959E1AF70BCA007E7536 /* Resources */,
			);
			buildRules = (
			);
			dependencies = (
			);
			name = LDHCalenderViewDemo;
			productName = LDHCalenderViewDemo;
			productReference = 3E0195A01AF70BCA007E7536 /* LDHCalenderViewDemo.app */;
			productType = "com.apple.product-type.application";
		};
		3E0195B81AF70BCB007E7536 /* LDHCalenderViewDemoTests */ = {
			isa = PBXNativeTarget;
			buildConfigurationList = 3E0195C61AF70BCB007E7536 /* Build configuration list for PBXNativeTarget "LDHCalenderViewDemoTests" */;
			buildPhases = (
				269FDF1195E8B467506A2171 /* Check Pods Manifest.lock */,
				3E0195B51AF70BCB007E7536 /* Sources */,
				3E0195B61AF70BCB007E7536 /* Frameworks */,
				3E0195B71AF70BCB007E7536 /* Resources */,
				9467C0194DF72E3B45413CFD /* Copy Pods Resources */,
			);
			buildRules = (
			);
			dependencies = (
				3E0195BB1AF70BCB007E7536 /* PBXTargetDependency */,
			);
			name = LDHCalenderViewDemoTests;
			productName = LDHCalenderViewDemoTests;
			productReference = 3E0195B91AF70BCB007E7536 /* LDHCalenderViewDemoTests.xctest */;
			productType = "com.apple.product-type.bundle.unit-test";
		};
/* End PBXNativeTarget section */

/* Begin PBXProject section */
		3E0195981AF70BCA007E7536 /* Project object */ = {
			isa = PBXProject;
			attributes = {
				LastUpgradeCheck = 0630;
				ORGANIZATIONNAME = "李德华";
				TargetAttributes = {
					3E01959F1AF70BCA007E7536 = {
						CreatedOnToolsVersion = 6.3;
					};
					3E0195B81AF70BCB007E7536 = {
						CreatedOnToolsVersion = 6.3;
						TestTargetID = 3E01959F1AF70BCA007E7536;
					};
				};
			};
			buildConfigurationList = 3E01959B1AF70BCA007E7536 /* Build configuration list for PBXProject "LDHCalenderViewDemo" */;
			compatibilityVersion = "Xcode 3.2";
			developmentRegion = English;
			hasScannedForEncodings = 0;
			knownRegions = (
				en,
				Base,
			);
			mainGroup = 3E0195971AF70BCA007E7536;
			productRefGroup = 3E0195A11AF70BCA007E7536 /* Products */;
			projectDirPath = "";
			projectRoot = "";
			targets = (
				3E01959F1AF70BCA007E7536 /* LDHCalenderViewDemo */,
				3E0195B81AF70BCB007E7536 /* LDHCalenderViewDemoTests */,
			);
		};
/* End PBXProject section */

/* Begin PBXResourcesBuildPhase section */
		3E01959E1AF70BCA007E7536 /* Resources */ = {
			isa = PBXResourcesBuildPhase;
			buildActionMask = 2147483647;
			files = (
				3E0195AF1AF70BCB007E7536 /* Main.storyboard in Resources */,
				3E0195B41AF70BCB007E7536 /* LaunchScreen.xib in Resources */,
				3E0195B11AF70BCB007E7536 /* Images.xcassets in Resources */,
			);
			runOnlyForDeploymentPostprocessing = 0;
		};
		3E0195B71AF70BCB007E7536 /* Resources */ = {
			isa = PBXResourcesBuildPhase;
			buildActionMask = 2147483647;
			files = (
			);
			runOnlyForDeploymentPostprocessing = 0;
		};
/* End PBXResourcesBuildPhase section */

/* Begin PBXShellScriptBuildPhase section */
		269FDF1195E8B467506A2171 /* Check Pods Manifest.lock */ = {
			isa = PBXShellScriptBuildPhase;
			buildActionMask = 2147483647;
			files = (
			);
			inputPaths = (
			);
			name = "Check Pods Manifest.lock";
			outputPaths = (
			);
			runOnlyForDeploymentPostprocessing = 0;
			shellPath = /bin/sh;
			shellScript = "diff \"${PODS_ROOT}/../Podfile.lock\" \"${PODS_ROOT}/Manifest.lock\" > /dev/null\nif [[ $? != 0 ]] ; then\n    cat << EOM\nerror: The sandbox is not in sync with the Podfile.lock. Run 'pod install' or update your CocoaPods installation.\nEOM\n    exit 1\nfi\n";
			showEnvVarsInLog = 0;
		};
		9467C0194DF72E3B45413CFD /* Copy Pods Resources */ = {
			isa = PBXShellScriptBuildPhase;
			buildActionMask = 2147483647;
			files = (
			);
			inputPaths = (
			);
			name = "Copy Pods Resources";
			outputPaths = (
			);
			runOnlyForDeploymentPostprocessing = 0;
			shellPath = /bin/sh;
			shellScript = "\"${SRCROOT}/Pods/Target Support Files/Pods-LDHCalenderViewDemoTests/Pods-LDHCalenderViewDemoTests-resources.sh\"\n";
			showEnvVarsInLog = 0;
		};
/* End PBXShellScriptBuildPhase section */

/* Begin PBXSourcesBuildPhase section */
		3E01959C1AF70BCA007E7536 /* Sources */ = {
			isa = PBXSourcesBuildPhase;
			buildActionMask = 2147483647;
			files = (
				3E0195F71AF77758007E7536 /* LDHWeekItem.m in Sources */,
				3E0195E61AF773A6007E7536 /* LDHMonthView.m in Sources */,
				3E0195F51AF77758007E7536 /* LDHDayItem.m in Sources */,
				3EE9454E1AF85DDD0014BF2C /* LDHCalendarView.m in Sources */,
				3E0195F61AF77758007E7536 /* LDHMonthItem.m in Sources */,
				3E0773721B00AB2300012FBF /* NSCalendar+ChineseCalendar.m in Sources */,
				3E0195AC1AF70BCA007E7536 /* ViewController.m in Sources */,
				3E0195A91AF70BCA007E7536 /* AppDelegate.m in Sources */,
				3E0195A61AF70BCA007E7536 /* main.m in Sources */,
				3E0195F81AF77758007E7536 /* LDHWeekView.m in Sources */,
				3E0195F91AF77758007E7536 /* NSCalendar+LDHDateTransform.m in Sources */,
			);
			runOnlyForDeploymentPostprocessing = 0;
		};
		3E0195B51AF70BCB007E7536 /* Sources */ = {
			isa = PBXSourcesBuildPhase;
			buildActionMask = 2147483647;
			files = (
				3E0195D01AF711F5007E7536 /* LDHDayItemSpec.m in Sources */,
				3E0195D51AF74E23007E7536 /* LDHWeekItemSpec.m in Sources */,
			);
			runOnlyForDeploymentPostprocessing = 0;
		};
/* End PBXSourcesBuildPhase section */

/* Begin PBXTargetDependency section */
		3E0195BB1AF70BCB007E7536 /* PBXTargetDependency */ = {
			isa = PBXTargetDependency;
			target = 3E01959F1AF70BCA007E7536 /* LDHCalenderViewDemo */;
			targetProxy = 3E0195BA1AF70BCB007E7536 /* PBXContainerItemProxy */;
		};
/* End PBXTargetDependency section */

/* Begin PBXVariantGroup section */
		3E0195AD1AF70BCB007E7536 /* Main.storyboard */ = {
			isa = PBXVariantGroup;
			children = (
				3E0195AE1AF70BCB007E7536 /* Base */,
			);
			name = Main.storyboard;
			sourceTree = "<group>";
		};
		3E0195B21AF70BCB007E7536 /* LaunchScreen.xib */ = {
			isa = PBXVariantGroup;
			children = (
				3E0195B31AF70BCB007E7536 /* Base */,
			);
			name = LaunchScreen.xib;
			sourceTree = "<group>";
		};
/* End PBXVariantGroup section */

/* Begin XCBuildConfiguration section */
		3E0195C11AF70BCB007E7536 /* Debug */ = {
			isa = XCBuildConfiguration;
			buildSettings = {
				ALWAYS_SEARCH_USER_PATHS = NO;
				CLANG_CXX_LANGUAGE_STANDARD = "gnu++0x";
				CLANG_CXX_LIBRARY = "libc++";
				CLANG_ENABLE_MODULES = YES;
				CLANG_ENABLE_OBJC_ARC = YES;
				CLANG_WARN_BOOL_CONVERSION = YES;
				CLANG_WARN_CONSTANT_CONVERSION = YES;
				CLANG_WARN_DIRECT_OBJC_ISA_USAGE = YES_ERROR;
				CLANG_WARN_EMPTY_BODY = YES;
				CLANG_WARN_ENUM_CONVERSION = YES;
				CLANG_WARN_INT_CONVERSION = YES;
				CLANG_WARN_OBJC_ROOT_CLASS = YES_ERROR;
				CLANG_WARN_UNREACHABLE_CODE = YES;
				CLANG_WARN__DUPLICATE_METHOD_MATCH = YES;
				"CODE_SIGN_IDENTITY[sdk=iphoneos*]" = "iPhone Developer";
				COPY_PHASE_STRIP = NO;
				DEBUG_INFORMATION_FORMAT = "dwarf-with-dsym";
				ENABLE_STRICT_OBJC_MSGSEND = YES;
				GCC_C_LANGUAGE_STANDARD = gnu99;
				GCC_DYNAMIC_NO_PIC = NO;
				GCC_NO_COMMON_BLOCKS = YES;
				GCC_OPTIMIZATION_LEVEL = 0;
				GCC_PRECOMPILE_PREFIX_HEADER = YES;
				GCC_PREFIX_HEADER = "$(SRCROOT)/LDHCalenderViewDemo/PrefixHeader.pch";
				GCC_PREPROCESSOR_DEFINITIONS = (
					"DEBUG=1",
					"$(inherited)",
				);
				GCC_SYMBOLS_PRIVATE_EXTERN = NO;
				GCC_WARN_64_TO_32_BIT_CONVERSION = YES;
				GCC_WARN_ABOUT_RETURN_TYPE = YES_ERROR;
				GCC_WARN_UNDECLARED_SELECTOR = YES;
				GCC_WARN_UNINITIALIZED_AUTOS = YES_AGGRESSIVE;
				GCC_WARN_UNUSED_FUNCTION = YES;
				GCC_WARN_UNUSED_VARIABLE = YES;
				IPHONEOS_DEPLOYMENT_TARGET = 8.3;
				MTL_ENABLE_DEBUG_INFO = YES;
				ONLY_ACTIVE_ARCH = YES;
				SDKROOT = iphoneos;
				TARGETED_DEVICE_FAMILY = "1,2";
			};
			name = Debug;
		};
		3E0195C21AF70BCB007E7536 /* Release */ = {
			isa = XCBuildConfiguration;
			buildSettings = {
				ALWAYS_SEARCH_USER_PATHS = NO;
				CLANG_CXX_LANGUAGE_STANDARD = "gnu++0x";
				CLANG_CXX_LIBRARY = "libc++";
				CLANG_ENABLE_MODULES = YES;
				CLANG_ENABLE_OBJC_ARC = YES;
				CLANG_WARN_BOOL_CONVERSION = YES;
				CLANG_WARN_CONSTANT_CONVERSION = YES;
				CLANG_WARN_DIRECT_OBJC_ISA_USAGE = YES_ERROR;
				CLANG_WARN_EMPTY_BODY = YES;
				CLANG_WARN_ENUM_CONVERSION = YES;
				CLANG_WARN_INT_CONVERSION = YES;
				CLANG_WARN_OBJC_ROOT_CLASS = YES_ERROR;
				CLANG_WARN_UNREACHABLE_CODE = YES;
				CLANG_WARN__DUPLICATE_METHOD_MATCH = YES;
				"CODE_SIGN_IDENTITY[sdk=iphoneos*]" = "iPhone Developer";
				COPY_PHASE_STRIP = NO;
				DEBUG_INFORMATION_FORMAT = "dwarf-with-dsym";
				ENABLE_NS_ASSERTIONS = NO;
				ENABLE_STRICT_OBJC_MSGSEND = YES;
				GCC_C_LANGUAGE_STANDARD = gnu99;
				GCC_NO_COMMON_BLOCKS = YES;
				GCC_PRECOMPILE_PREFIX_HEADER = YES;
				GCC_PREFIX_HEADER = "$(SRCROOT)/LDHCalenderViewDemo/PrefixHeader.pch";
				GCC_WARN_64_TO_32_BIT_CONVERSION = YES;
				GCC_WARN_ABOUT_RETURN_TYPE = YES_ERROR;
				GCC_WARN_UNDECLARED_SELECTOR = YES;
				GCC_WARN_UNINITIALIZED_AUTOS = YES_AGGRESSIVE;
				GCC_WARN_UNUSED_FUNCTION = YES;
				GCC_WARN_UNUSED_VARIABLE = YES;
				IPHONEOS_DEPLOYMENT_TARGET = 8.3;
				MTL_ENABLE_DEBUG_INFO = NO;
				SDKROOT = iphoneos;
				TARGETED_DEVICE_FAMILY = "1,2";
				VALIDATE_PRODUCT = YES;
			};
			name = Release;
		};
		3E0195C41AF70BCB007E7536 /* Debug */ = {
			isa = XCBuildConfiguration;
			buildSettings = {
				ASSETCATALOG_COMPILER_APPICON_NAME = AppIcon;
				GCC_PRECOMPILE_PREFIX_HEADER = YES;
				GCC_PREFIX_HEADER = "$(SRCROOT)/LDHCalenderViewDemo/PrefixHeader.pch";
				INFOPLIST_FILE = LDHCalenderViewDemo/Info.plist;
				LD_RUNPATH_SEARCH_PATHS = "$(inherited) @executable_path/Frameworks";
				PRODUCT_NAME = "$(TARGET_NAME)";
			};
			name = Debug;
		};
		3E0195C51AF70BCB007E7536 /* Release */ = {
			isa = XCBuildConfiguration;
			buildSettings = {
				ASSETCATALOG_COMPILER_APPICON_NAME = AppIcon;
				GCC_PRECOMPILE_PREFIX_HEADER = YES;
				GCC_PREFIX_HEADER = "$(SRCROOT)/LDHCalenderViewDemo/PrefixHeader.pch";
				INFOPLIST_FILE = LDHCalenderViewDemo/Info.plist;
				LD_RUNPATH_SEARCH_PATHS = "$(inherited) @executable_path/Frameworks";
				PRODUCT_NAME = "$(TARGET_NAME)";
			};
			name = Release;
		};
		3E0195C71AF70BCB007E7536 /* Debug */ = {
			isa = XCBuildConfiguration;
			baseConfigurationReference = FB8E0ED6B278DBD56B131FBF /* Pods-LDHCalenderViewDemoTests.debug.xcconfig */;
			buildSettings = {
				BUNDLE_LOADER = "$(TEST_HOST)";
				FRAMEWORK_SEARCH_PATHS = (
					"$(SDKROOT)/Developer/Library/Frameworks",
					"$(inherited)",
				);
				GCC_PRECOMPILE_PREFIX_HEADER = YES;
				GCC_PREPROCESSOR_DEFINITIONS = (
					"DEBUG=1",
					"$(inherited)",
				);
				INFOPLIST_FILE = LDHCalenderViewDemoTests/Info.plist;
				LD_RUNPATH_SEARCH_PATHS = "$(inherited) @executable_path/Frameworks @loader_path/Frameworks";
				PRODUCT_NAME = "$(TARGET_NAME)";
				TEST_HOST = "$(BUILT_PRODUCTS_DIR)/LDHCalenderViewDemo.app/LDHCalenderViewDemo";
			};
			name = Debug;
		};
		3E0195C81AF70BCB007E7536 /* Release */ = {
			isa = XCBuildConfiguration;
			baseConfigurationReference = B4C74EBB820E4443C298948A /* Pods-LDHCalenderViewDemoTests.release.xcconfig */;
			buildSettings = {
				BUNDLE_LOADER = "$(TEST_HOST)";
				FRAMEWORK_SEARCH_PATHS = (
					"$(SDKROOT)/Developer/Library/Frameworks",
					"$(inherited)",
				);
				GCC_PRECOMPILE_PREFIX_HEADER = YES;
				INFOPLIST_FILE = LDHCalenderViewDemoTests/Info.plist;
				LD_RUNPATH_SEARCH_PATHS = "$(inherited) @executable_path/Frameworks @loader_path/Frameworks";
				PRODUCT_NAME = "$(TARGET_NAME)";
				TEST_HOST = "$(BUILT_PRODUCTS_DIR)/LDHCalenderViewDemo.app/LDHCalenderViewDemo";
			};
			name = Release;
		};
/* End XCBuildConfiguration section */

/* Begin XCConfigurationList section */
		3E01959B1AF70BCA007E7536 /* Build configuration list for PBXProject "LDHCalenderViewDemo" */ = {
			isa = XCConfigurationList;
			buildConfigurations = (
				3E0195C11AF70BCB007E7536 /* Debug */,
				3E0195C21AF70BCB007E7536 /* Release */,
			);
			defaultConfigurationIsVisible = 0;
			defaultConfigurationName = Release;
		};
		3E0195C31AF70BCB007E7536 /* Build configuration list for PBXNativeTarget "LDHCalenderViewDemo" */ = {
			isa = XCConfigurationList;
			buildConfigurations = (
				3E0195C41AF70BCB007E7536 /* Debug */,
				3E0195C51AF70BCB007E7536 /* Release */,
			);
			defaultConfigurationIsVisible = 0;
			defaultConfigurationName = Release;
		};
		3E0195C61AF70BCB007E7536 /* Build configuration list for PBXNativeTarget "LDHCalenderViewDemoTests" */ = {
			isa = XCConfigurationList;
			buildConfigurations = (
				3E0195C71AF70BCB007E7536 /* Debug */,
				3E0195C81AF70BCB007E7536 /* Release */,
			);
			defaultConfigurationIsVisible = 0;
			defaultConfigurationName = Release;
		};
/* End XCConfigurationList section */
	};
	rootObject = 3E0195981AF70BCA007E7536 /* Project object */;
}
